// !$*UTF8*$!
{
	archiveVersion = 1;
	classes = {
	};
	objectVersion = 56;
	objects = {

/* Begin PBXBuildFile section */
		3AC8CFB529EF441C00979B3A /* LandmarksApp.swift in Sources */ = {isa = PBXBuildFile; fileRef = 3AC8CFB429EF441C00979B3A /* LandmarksApp.swift */; };
		3AC8CFB729EF441C00979B3A /* ContentView.swift in Sources */ = {isa = PBXBuildFile; fileRef = 3AC8CFB629EF441C00979B3A /* ContentView.swift */; };
		3AC8CFB929EF441D00979B3A /* Assets.xcassets in Resources */ = {isa = PBXBuildFile; fileRef = 3AC8CFB829EF441D00979B3A /* Assets.xcassets */; };
		3AC8CFBC29EF441D00979B3A /* Preview Assets.xcassets in Resources */ = {isa = PBXBuildFile; fileRef = 3AC8CFBB29EF441D00979B3A /* Preview Assets.xcassets */; };
		3AC8CFC729EF441E00979B3A /* LandmarksTests.swift in Sources */ = {isa = PBXBuildFile; fileRef = 3AC8CFC629EF441E00979B3A /* LandmarksTests.swift */; };
		3AC8CFD129EF441E00979B3A /* LandmarksUITests.swift in Sources */ = {isa = PBXBuildFile; fileRef = 3AC8CFD029EF441E00979B3A /* LandmarksUITests.swift */; };
		3AC8CFD329EF441E00979B3A /* LandmarksUITestsLaunchTests.swift in Sources */ = {isa = PBXBuildFile; fileRef = 3AC8CFD229EF441E00979B3A /* LandmarksUITestsLaunchTests.swift */; };
		3AC8CFE029EF504300979B3A /* CircleImage.swift in Sources */ = {isa = PBXBuildFile; fileRef = 3AC8CFDF29EF504300979B3A /* CircleImage.swift */; };
		3AC8CFE229EF526F00979B3A /* MapView.swift in Sources */ = {isa = PBXBuildFile; fileRef = 3AC8CFE129EF526F00979B3A /* MapView.swift */; };
/* End PBXBuildFile section */

/* Begin PBXContainerItemProxy section */
		3AC8CFC329EF441E00979B3A /* PBXContainerItemProxy */ = {
			isa = PBXContainerItemProxy;
			containerPortal = 3AC8CFA929EF441C00979B3A /* Project object */;
			proxyType = 1;
			remoteGlobalIDString = 3AC8CFB029EF441C00979B3A;
			remoteInfo = Landmarks;
		};
		3AC8CFCD29EF441E00979B3A /* PBXContainerItemProxy */ = {
			isa = PBXContainerItemProxy;
			containerPortal = 3AC8CFA929EF441C00979B3A /* Project object */;
			proxyType = 1;
			remoteGlobalIDString = 3AC8CFB029EF441C00979B3A;
			remoteInfo = Landmarks;
		};
/* End PBXContainerItemProxy section */

/* Begin PBXFileReference section */
		3AC8CFB129EF441C00979B3A /* Landmarks.app */ = {isa = PBXFileReference; explicitFileType = wrapper.application; includeInIndex = 0; path = Landmarks.app; sourceTree = BUILT_PRODUCTS_DIR; };
		3AC8CFB429EF441C00979B3A /* LandmarksApp.swift */ = {isa = PBXFileReference; lastKnownFileType = sourcecode.swift; path = LandmarksApp.swift; sourceTree = "<group>"; };
		3AC8CFB629EF441C00979B3A /* ContentView.swift */ = {isa = PBXFileReference; lastKnownFileType = sourcecode.swift; path = ContentView.swift; sourceTree = "<group>"; };
		3AC8CFB829EF441D00979B3A /* Assets.xcassets */ = {isa = PBXFileReference; lastKnownFileType = folder.assetcatalog; path = Assets.xcassets; sourceTree = "<group>"; };
		3AC8CFBB29EF441D00979B3A /* Preview Assets.xcassets */ = {isa = PBXFileReference; lastKnownFileType = folder.assetcatalog; path = "Preview Assets.xcassets"; sourceTree = "<group>"; };
		3AC8CFBD29EF441D00979B3A /* Landmarks.entitlements */ = {isa = PBXFileReference; lastKnownFileType = text.plist.entitlements; path = Landmarks.entitlements; sourceTree = "<group>"; };
		3AC8CFC229EF441E00979B3A /* LandmarksTests.xctest */ = {isa = PBXFileReference; explicitFileType = wrapper.cfbundle; includeInIndex = 0; path = LandmarksTests.xctest; sourceTree = BUILT_PRODUCTS_DIR; };
		3AC8CFC629EF441E00979B3A /* LandmarksTests.swift */ = {isa = PBXFileReference; lastKnownFileType = sourcecode.swift; path = LandmarksTests.swift; sourceTree = "<group>"; };
		3AC8CFCC29EF441E00979B3A /* LandmarksUITests.xctest */ = {isa = PBXFileReference; explicitFileType = wrapper.cfbundle; includeInIndex = 0; path = LandmarksUITests.xctest; sourceTree = BUILT_PRODUCTS_DIR; };
		3AC8CFD029EF441E00979B3A /* LandmarksUITests.swift */ = {isa = PBXFileReference; lastKnownFileType = sourcecode.swift; path = LandmarksUITests.swift; sourceTree = "<group>"; };
		3AC8CFD229EF441E00979B3A /* LandmarksUITestsLaunchTests.swift */ = {isa = PBXFileReference; lastKnownFileType = sourcecode.swift; path = LandmarksUITestsLaunchTests.swift; sourceTree = "<group>"; };
		3AC8CFDF29EF504300979B3A /* CircleImage.swift */ = {isa = PBXFileReference; lastKnownFileType = sourcecode.swift; path = CircleImage.swift; sourceTree = "<group>"; };
		3AC8CFE129EF526F00979B3A /* MapView.swift */ = {isa = PBXFileReference; lastKnownFileType = sourcecode.swift; path = MapView.swift; sourceTree = "<group>"; };
/* End PBXFileReference section */

/* Begin PBXFrameworksBuildPhase section */
		3AC8CFAE29EF441C00979B3A /* Frameworks */ = {
			isa = PBXFrameworksBuildPhase;
			buildActionMask = 2147483647;
			files = (
			);
			runOnlyForDeploymentPostprocessing = 0;
		};
		3AC8CFBF29EF441E00979B3A /* Frameworks */ = {
			isa = PBXFrameworksBuildPhase;
			buildActionMask = 2147483647;
			files = (
			);
			runOnlyForDeploymentPostprocessing = 0;
		};
		3AC8CFC929EF441E00979B3A /* Frameworks */ = {
			isa = PBXFrameworksBuildPhase;
			buildActionMask = 2147483647;
			files = (
			);
			runOnlyForDeploymentPostprocessing = 0;
		};
/* End PBXFrameworksBuildPhase section */

/* Begin PBXGroup section */
		3AC8CFA829EF441C00979B3A = {
			isa = PBXGroup;
			children = (
				3AC8CFB329EF441C00979B3A /* Landmarks */,
				3AC8CFC529EF441E00979B3A /* LandmarksTests */,
				3AC8CFCF29EF441E00979B3A /* LandmarksUITests */,
				3AC8CFB229EF441C00979B3A /* Products */,
			);
			sourceTree = "<group>";
		};
		3AC8CFB229EF441C00979B3A /* Products */ = {
			isa = PBXGroup;
			children = (
				3AC8CFB129EF441C00979B3A /* Landmarks.app */,
				3AC8CFC229EF441E00979B3A /* LandmarksTests.xctest */,
				3AC8CFCC29EF441E00979B3A /* LandmarksUITests.xctest */,
			);
			name = Products;
			sourceTree = "<group>";
		};
		3AC8CFB329EF441C00979B3A /* Landmarks */ = {
			isa = PBXGroup;
			children = (
				3AC8CFB429EF441C00979B3A /* LandmarksApp.swift */,
				3AC8CFB629EF441C00979B3A /* ContentView.swift */,
				3AC8CFB829EF441D00979B3A /* Assets.xcassets */,
				3AC8CFDF29EF504300979B3A /* CircleImage.swift */,
				3AC8CFE129EF526F00979B3A /* MapView.swift */,
				3AC8CFBD29EF441D00979B3A /* Landmarks.entitlements */,
				3AC8CFBA29EF441D00979B3A /* Preview Content */,
			);
			path = Landmarks;
			sourceTree = "<group>";
		};
		3AC8CFBA29EF441D00979B3A /* Preview Content */ = {
			isa = PBXGroup;
			children = (
				3AC8CFBB29EF441D00979B3A /* Preview Assets.xcassets */,
			);
			path = "Preview Content";
			sourceTree = "<group>";
		};
		3AC8CFC529EF441E00979B3A /* LandmarksTests */ = {
			isa = PBXGroup;
			children = (
				3AC8CFC629EF441E00979B3A /* LandmarksTests.swift */,
			);
			path = LandmarksTests;
			sourceTree = "<group>";
		};
		3AC8CFCF29EF441E00979B3A /* LandmarksUITests */ = {
			isa = PBXGroup;
			children = (
				3AC8CFD029EF441E00979B3A /* LandmarksUITests.swift */,
				3AC8CFD229EF441E00979B3A /* LandmarksUITestsLaunchTests.swift */,
			);
			path = LandmarksUITests;
			sourceTree = "<group>";
		};
/* End PBXGroup section */

/* Begin PBXNativeTarget section */
		3AC8CFB029EF441C00979B3A /* Landmarks */ = {
			isa = PBXNativeTarget;
			buildConfigurationList = 3AC8CFD629EF441E00979B3A /* Build configuration list for PBXNativeTarget "Landmarks" */;
			buildPhases = (
				3AC8CFAD29EF441C00979B3A /* Sources */,
				3AC8CFAE29EF441C00979B3A /* Frameworks */,
				3AC8CFAF29EF441C00979B3A /* Resources */,
			);
			buildRules = (
			);
			dependencies = (
			);
			name = Landmarks;
			productName = Landmarks;
			productReference = 3AC8CFB129EF441C00979B3A /* Landmarks.app */;
			productType = "com.apple.product-type.application";
		};
		3AC8CFC129EF441E00979B3A /* LandmarksTests */ = {
			isa = PBXNativeTarget;
			buildConfigurationList = 3AC8CFD929EF441E00979B3A /* Build configuration list for PBXNativeTarget "LandmarksTests" */;
			buildPhases = (
				3AC8CFBE29EF441E00979B3A /* Sources */,
				3AC8CFBF29EF441E00979B3A /* Frameworks */,
				3AC8CFC029EF441E00979B3A /* Resources */,
			);
			buildRules = (
			);
			dependencies = (
				3AC8CFC429EF441E00979B3A /* PBXTargetDependency */,
			);
			name = LandmarksTests;
			productName = LandmarksTests;
			productReference = 3AC8CFC229EF441E00979B3A /* LandmarksTests.xctest */;
			productType = "com.apple.product-type.bundle.unit-test";
		};
		3AC8CFCB29EF441E00979B3A /* LandmarksUITests */ = {
			isa = PBXNativeTarget;
			buildConfigurationList = 3AC8CFDC29EF441E00979B3A /* Build configuration list for PBXNativeTarget "LandmarksUITests" */;
			buildPhases = (
				3AC8CFC829EF441E00979B3A /* Sources */,
				3AC8CFC929EF441E00979B3A /* Frameworks */,
				3AC8CFCA29EF441E00979B3A /* Resources */,
			);
			buildRules = (
			);
			dependencies = (
				3AC8CFCE29EF441E00979B3A /* PBXTargetDependency */,
			);
			name = LandmarksUITests;
			productName = LandmarksUITests;
			productReference = 3AC8CFCC29EF441E00979B3A /* LandmarksUITests.xctest */;
			productType = "com.apple.product-type.bundle.ui-testing";
		};
/* End PBXNativeTarget section */

/* Begin PBXProject section */
		3AC8CFA929EF441C00979B3A /* Project object */ = {
			isa = PBXProject;
			attributes = {
				BuildIndependentTargetsInParallel = 1;
				LastSwiftUpdateCheck = 1420;
				LastUpgradeCheck = 1420;
				TargetAttributes = {
					3AC8CFB029EF441C00979B3A = {
						CreatedOnToolsVersion = 14.2;
					};
					3AC8CFC129EF441E00979B3A = {
						CreatedOnToolsVersion = 14.2;
						TestTargetID = 3AC8CFB029EF441C00979B3A;
					};
					3AC8CFCB29EF441E00979B3A = {
						CreatedOnToolsVersion = 14.2;
						TestTargetID = 3AC8CFB029EF441C00979B3A;
					};
				};
			};
			buildConfigurationList = 3AC8CFAC29EF441C00979B3A /* Build configuration list for PBXProject "Landmarks" */;
			compatibilityVersion = "Xcode 14.0";
			developmentRegion = en;
			hasScannedForEncodings = 0;
			knownRegions = (
				en,
				Base,
			);
			mainGroup = 3AC8CFA829EF441C00979B3A;
			productRefGroup = 3AC8CFB229EF441C00979B3A /* Products */;
			projectDirPath = "";
			projectRoot = "";
			targets = (
				3AC8CFB029EF441C00979B3A /* Landmarks */,
				3AC8CFC129EF441E00979B3A /* LandmarksTests */,
				3AC8CFCB29EF441E00979B3A /* LandmarksUITests */,
			);
		};
/* End PBXProject section */

/* Begin PBXResourcesBuildPhase section */
		3AC8CFAF29EF441C00979B3A /* Resources */ = {
			isa = PBXResourcesBuildPhase;
			buildActionMask = 2147483647;
			files = (
				3AC8CFBC29EF441D00979B3A /* Preview Assets.xcassets in Resources */,
				3AC8CFB929EF441D00979B3A /* Assets.xcassets in Resources */,
			);
			runOnlyForDeploymentPostprocessing = 0;
		};
		3AC8CFC029EF441E00979B3A /* Resources */ = {
			isa = PBXResourcesBuildPhase;
			buildActionMask = 2147483647;
			files = (
			);
			runOnlyForDeploymentPostprocessing = 0;
		};
		3AC8CFCA29EF441E00979B3A /* Resources */ = {
			isa = PBXResourcesBuildPhase;
			buildActionMask = 2147483647;
			files = (
			);
			runOnlyForDeploymentPostprocessing = 0;
		};
/* End PBXResourcesBuildPhase section */

/* Begin PBXSourcesBuildPhase section */
		3AC8CFAD29EF441C00979B3A /* Sources */ = {
			isa = PBXSourcesBuildPhase;
			buildActionMask = 2147483647;
			files = (
				3AC8CFB729EF441C00979B3A /* ContentView.swift in Sources */,
				3AC8CFE229EF526F00979B3A /* MapView.swift in Sources */,
				3AC8CFB529EF441C00979B3A /* LandmarksApp.swift in Sources */,
				3AC8CFE029EF504300979B3A /* CircleImage.swift in Sources */,
			);
			runOnlyForDeploymentPostprocessing = 0;
		};
		3AC8CFBE29EF441E00979B3A /* Sources */ = {
			isa = PBXSourcesBuildPhase;
			buildActionMask = 2147483647;
			files = (
				3AC8CFC729EF441E00979B3A /* LandmarksTests.swift in Sources */,
			);
			runOnlyForDeploymentPostprocessing = 0;
		};
		3AC8CFC829EF441E00979B3A /* Sources */ = {
			isa = PBXSourcesBuildPhase;
			buildActionMask = 2147483647;
			files = (
				3AC8CFD329EF441E00979B3A /* LandmarksUITestsLaunchTests.swift in Sources */,
				3AC8CFD129EF441E00979B3A /* LandmarksUITests.swift in Sources */,
			);
			runOnlyForDeploymentPostprocessing = 0;
		};
/* End PBXSourcesBuildPhase section */

/* Begin PBXTargetDependency section */
		3AC8CFC429EF441E00979B3A /* PBXTargetDependency */ = {
			isa = PBXTargetDependency;
			target = 3AC8CFB029EF441C00979B3A /* Landmarks */;
			targetProxy = 3AC8CFC329EF441E00979B3A /* PBXContainerItemProxy */;
		};
		3AC8CFCE29EF441E00979B3A /* PBXTargetDependency */ = {
			isa = PBXTargetDependency;
			target = 3AC8CFB029EF441C00979B3A /* Landmarks */;
			targetProxy = 3AC8CFCD29EF441E00979B3A /* PBXContainerItemProxy */;
		};
/* End PBXTargetDependency section */

/* Begin XCBuildConfiguration section */
		3AC8CFD429EF441E00979B3A /* Debug */ = {
			isa = XCBuildConfiguration;
			buildSettings = {
				ALWAYS_SEARCH_USER_PATHS = NO;
				CLANG_ANALYZER_NONNULL = YES;
				CLANG_ANALYZER_NUMBER_OBJECT_CONVERSION = YES_AGGRESSIVE;
				CLANG_CXX_LANGUAGE_STANDARD = "gnu++20";
				CLANG_ENABLE_MODULES = YES;
				CLANG_ENABLE_OBJC_ARC = YES;
				CLANG_ENABLE_OBJC_WEAK = YES;
				CLANG_WARN_BLOCK_CAPTURE_AUTORELEASING = YES;
				CLANG_WARN_BOOL_CONVERSION = YES;
				CLANG_WARN_COMMA = YES;
				CLANG_WARN_CONSTANT_CONVERSION = YES;
				CLANG_WARN_DEPRECATED_OBJC_IMPLEMENTATIONS = YES;
				CLANG_WARN_DIRECT_OBJC_ISA_USAGE = YES_ERROR;
				CLANG_WARN_DOCUMENTATION_COMMENTS = YES;
				CLANG_WARN_EMPTY_BODY = YES;
				CLANG_WARN_ENUM_CONVERSION = YES;
				CLANG_WARN_INFINITE_RECURSION = YES;
				CLANG_WARN_INT_CONVERSION = YES;
				CLANG_WARN_NON_LITERAL_NULL_CONVERSION = YES;
				CLANG_WARN_OBJC_IMPLICIT_RETAIN_SELF = YES;
				CLANG_WARN_OBJC_LITERAL_CONVERSION = YES;
				CLANG_WARN_OBJC_ROOT_CLASS = YES_ERROR;
				CLANG_WARN_QUOTED_INCLUDE_IN_FRAMEWORK_HEADER = YES;
				CLANG_WARN_RANGE_LOOP_ANALYSIS = YES;
				CLANG_WARN_STRICT_PROTOTYPES = YES;
				CLANG_WARN_SUSPICIOUS_MOVE = YES;
				CLANG_WARN_UNGUARDED_AVAILABILITY = YES_AGGRESSIVE;
				CLANG_WARN_UNREACHABLE_CODE = YES;
				CLANG_WARN__DUPLICATE_METHOD_MATCH = YES;
				COPY_PHASE_STRIP = NO;
				DEBUG_INFORMATION_FORMAT = dwarf;
				ENABLE_STRICT_OBJC_MSGSEND = YES;
				ENABLE_TESTABILITY = YES;
				GCC_C_LANGUAGE_STANDARD = gnu11;
				GCC_DYNAMIC_NO_PIC = NO;
				GCC_NO_COMMON_BLOCKS = YES;
				GCC_OPTIMIZATION_LEVEL = 0;
				GCC_PREPROCESSOR_DEFINITIONS = (
					"DEBUG=1",
					"$(inherited)",
				);
				GCC_WARN_64_TO_32_BIT_CONVERSION = YES;
				GCC_WARN_ABOUT_RETURN_TYPE = YES_ERROR;
				GCC_WARN_UNDECLARED_SELECTOR = YES;
				GCC_WARN_UNINITIALIZED_AUTOS = YES_AGGRESSIVE;
				GCC_WARN_UNUSED_FUNCTION = YES;
				GCC_WARN_UNUSED_VARIABLE = YES;
				MACOSX_DEPLOYMENT_TARGET = 12.6;
				MTL_ENABLE_DEBUG_INFO = INCLUDE_SOURCE;
				MTL_FAST_MATH = YES;
				ONLY_ACTIVE_ARCH = YES;
				SDKROOT = iphoneos;
				SWIFT_ACTIVE_COMPILATION_CONDITIONS = DEBUG;
				SWIFT_OPTIMIZATION_LEVEL = "-Onone";
			};
			name = Debug;
		};
		3AC8CFD529EF441E00979B3A /* Release */ = {
			isa = XCBuildConfiguration;
			buildSettings = {
				ALWAYS_SEARCH_USER_PATHS = NO;
				CLANG_ANALYZER_NONNULL = YES;
				CLANG_ANALYZER_NUMBER_OBJECT_CONVERSION = YES_AGGRESSIVE;
				CLANG_CXX_LANGUAGE_STANDARD = "gnu++20";
				CLANG_ENABLE_MODULES = YES;
				CLANG_ENABLE_OBJC_ARC = YES;
				CLANG_ENABLE_OBJC_WEAK = YES;
				CLANG_WARN_BLOCK_CAPTURE_AUTORELEASING = YES;
				CLANG_WARN_BOOL_CONVERSION = YES;
				CLANG_WARN_COMMA = YES;
				CLANG_WARN_CONSTANT_CONVERSION = YES;
				CLANG_WARN_DEPRECATED_OBJC_IMPLEMENTATIONS = YES;
				CLANG_WARN_DIRECT_OBJC_ISA_USAGE = YES_ERROR;
				CLANG_WARN_DOCUMENTATION_COMMENTS = YES;
				CLANG_WARN_EMPTY_BODY = YES;
				CLANG_WARN_ENUM_CONVERSION = YES;
				CLANG_WARN_INFINITE_RECURSION = YES;
				CLANG_WARN_INT_CONVERSION = YES;
				CLANG_WARN_NON_LITERAL_NULL_CONVERSION = YES;
				CLANG_WARN_OBJC_IMPLICIT_RETAIN_SELF = YES;
				CLANG_WARN_OBJC_LITERAL_CONVERSION = YES;
				CLANG_WARN_OBJC_ROOT_CLASS = YES_ERROR;
				CLANG_WARN_QUOTED_INCLUDE_IN_FRAMEWORK_HEADER = YES;
				CLANG_WARN_RANGE_LOOP_ANALYSIS = YES;
				CLANG_WARN_STRICT_PROTOTYPES = YES;
				CLANG_WARN_SUSPICIOUS_MOVE = YES;
				CLANG_WARN_UNGUARDED_AVAILABILITY = YES_AGGRESSIVE;
				CLANG_WARN_UNREACHABLE_CODE = YES;
				CLANG_WARN__DUPLICATE_METHOD_MATCH = YES;
				COPY_PHASE_STRIP = NO;
				DEBUG_INFORMATION_FORMAT = "dwarf-with-dsym";
				ENABLE_NS_ASSERTIONS = NO;
				ENABLE_STRICT_OBJC_MSGSEND = YES;
				GCC_C_LANGUAGE_STANDARD = gnu11;
				GCC_NO_COMMON_BLOCKS = YES;
				GCC_WARN_64_TO_32_BIT_CONVERSION = YES;
				GCC_WARN_ABOUT_RETURN_TYPE = YES_ERROR;
				GCC_WARN_UNDECLARED_SELECTOR = YES;
				GCC_WARN_UNINITIALIZED_AUTOS = YES_AGGRESSIVE;
				GCC_WARN_UNUSED_FUNCTION = YES;
				GCC_WARN_UNUSED_VARIABLE = YES;
				MACOSX_DEPLOYMENT_TARGET = 12.6;
				MTL_ENABLE_DEBUG_INFO = NO;
				MTL_FAST_MATH = YES;
				SDKROOT = iphoneos;
				SWIFT_COMPILATION_MODE = wholemodule;
				SWIFT_OPTIMIZATION_LEVEL = "-O";
			};
			name = Release;
		};
		3AC8CFD729EF441E00979B3A /* Debug */ = {
			isa = XCBuildConfiguration;
			buildSettings = {
				ASSETCATALOG_COMPILER_APPICON_NAME = AppIcon;
				ASSETCATALOG_COMPILER_GLOBAL_ACCENT_COLOR_NAME = AccentColor;
				CODE_SIGN_ENTITLEMENTS = Landmarks/Landmarks.entitlements;
				CODE_SIGN_STYLE = Automatic;
				COMBINE_HIDPI_IMAGES = YES;
				CURRENT_PROJECT_VERSION = 1;
				DEVELOPMENT_ASSET_PATHS = "\"Landmarks/Preview Content\"";
				ENABLE_PREVIEWS = YES;
				GENERATE_INFOPLIST_FILE = YES;
				INFOPLIST_KEY_NSHumanReadableCopyright = "";
				LD_RUNPATH_SEARCH_PATHS = (
					"$(inherited)",
					"@executable_path/../Frameworks",
				);
				MARKETING_VERSION = 1.0;
				PRODUCT_BUNDLE_IDENTIFIER = me.drewmudry.Landmarks;
				PRODUCT_NAME = "$(TARGET_NAME)";
				SWIFT_EMIT_LOC_STRINGS = YES;
				SWIFT_VERSION = 5.0;
			};
			name = Debug;
		};
		3AC8CFD829EF441E00979B3A /* Release */ = {
			isa = XCBuildConfiguration;
			buildSettings = {
				ASSETCATALOG_COMPILER_APPICON_NAME = AppIcon;
				ASSETCATALOG_COMPILER_GLOBAL_ACCENT_COLOR_NAME = AccentColor;
				CODE_SIGN_ENTITLEMENTS = Landmarks/Landmarks.entitlements;
				CODE_SIGN_STYLE = Automatic;
				COMBINE_HIDPI_IMAGES = YES;
				CURRENT_PROJECT_VERSION = 1;
				DEVELOPMENT_ASSET_PATHS = "\"Landmarks/Preview Content\"";
				ENABLE_PREVIEWS = YES;
				GENERATE_INFOPLIST_FILE = YES;
				INFOPLIST_KEY_NSHumanReadableCopyright = "";
				LD_RUNPATH_SEARCH_PATHS = (
					"$(inherited)",
					"@executable_path/../Frameworks",
				);
				MARKETING_VERSION = 1.0;
				PRODUCT_BUNDLE_IDENTIFIER = me.drewmudry.Landmarks;
				PRODUCT_NAME = "$(TARGET_NAME)";
				SWIFT_EMIT_LOC_STRINGS = YES;
				SWIFT_VERSION = 5.0;
			};
			name = Release;
		};
		3AC8CFDA29EF441E00979B3A /* Debug */ = {
			isa = XCBuildConfiguration;
			buildSettings = {
				ALWAYS_EMBED_SWIFT_STANDARD_LIBRARIES = YES;
				BUNDLE_LOADER = "$(TEST_HOST)";
				CODE_SIGN_STYLE = Automatic;
				CURRENT_PROJECT_VERSION = 1;
				GENERATE_INFOPLIST_FILE = YES;
				MACOSX_DEPLOYMENT_TARGET = 12.6;
				MARKETING_VERSION = 1.0;
				PRODUCT_BUNDLE_IDENTIFIER = me.drewmudry.LandmarksTests;
				PRODUCT_NAME = "$(TARGET_NAME)";
				SWIFT_EMIT_LOC_STRINGS = NO;
				SWIFT_VERSION = 5.0;
				TEST_HOST = "$(BUILT_PRODUCTS_DIR)/Landmarks.app/$(BUNDLE_EXECUTABLE_FOLDER_PATH)/Landmarks";
			};
			name = Debug;
		};
		3AC8CFDB29EF441E00979B3A /* Release */ = {
			isa = XCBuildConfiguration;
			buildSettings = {
				ALWAYS_EMBED_SWIFT_STANDARD_LIBRARIES = YES;
				BUNDLE_LOADER = "$(TEST_HOST)";
				CODE_SIGN_STYLE = Automatic;
				CURRENT_PROJECT_VERSION = 1;
				GENERATE_INFOPLIST_FILE = YES;
				MACOSX_DEPLOYMENT_TARGET = 12.6;
				MARKETING_VERSION = 1.0;
				PRODUCT_BUNDLE_IDENTIFIER = me.drewmudry.LandmarksTests;
				PRODUCT_NAME = "$(TARGET_NAME)";
				SWIFT_EMIT_LOC_STRINGS = NO;
				SWIFT_VERSION = 5.0;
				TEST_HOST = "$(BUILT_PRODUCTS_DIR)/Landmarks.app/$(BUNDLE_EXECUTABLE_FOLDER_PATH)/Landmarks";
			};
			name = Release;
		};
		3AC8CFDD29EF441E00979B3A /* Debug */ = {
			isa = XCBuildConfiguration;
			buildSettings = {
				ALWAYS_EMBED_SWIFT_STANDARD_LIBRARIES = YES;
				CODE_SIGN_STYLE = Automatic;
				CURRENT_PROJECT_VERSION = 1;
				GENERATE_INFOPLIST_FILE = YES;
				MARKETING_VERSION = 1.0;
				PRODUCT_BUNDLE_IDENTIFIER = me.drewmudry.LandmarksUITests;
				PRODUCT_NAME = "$(TARGET_NAME)";
				SWIFT_EMIT_LOC_STRINGS = NO;
				SWIFT_VERSION = 5.0;
				TEST_TARGET_NAME = Landmarks;
			};
			name = Debug;
		};
		3AC8CFDE29EF441E00979B3A /* Release */ = {
			isa = XCBuildConfiguration;
			buildSettings = {
				ALWAYS_EMBED_SWIFT_STANDARD_LIBRARIES = YES;
				CODE_SIGN_STYLE = Automatic;
				CURRENT_PROJECT_VERSION = 1;
				GENERATE_INFOPLIST_FILE = YES;
				MARKETING_VERSION = 1.0;
				PRODUCT_BUNDLE_IDENTIFIER = me.drewmudry.LandmarksUITests;
				PRODUCT_NAME = "$(TARGET_NAME)";
				SWIFT_EMIT_LOC_STRINGS = NO;
				SWIFT_VERSION = 5.0;
				TEST_TARGET_NAME = Landmarks;
			};
			name = Release;
		};
/* End XCBuildConfiguration section */

/* Begin XCConfigurationList section */
		3AC8CFAC29EF441C00979B3A /* Build configuration list for PBXProject "Landmarks" */ = {
			isa = XCConfigurationList;
			buildConfigurations = (
				3AC8CFD429EF441E00979B3A /* Debug */,
				3AC8CFD529EF441E00979B3A /* Release */,
			);
			defaultConfigurationIsVisible = 0;
			defaultConfigurationName = Release;
		};
		3AC8CFD629EF441E00979B3A /* Build configuration list for PBXNativeTarget "Landmarks" */ = {
			isa = XCConfigurationList;
			buildConfigurations = (
				3AC8CFD729EF441E00979B3A /* Debug */,
				3AC8CFD829EF441E00979B3A /* Release */,
			);
			defaultConfigurationIsVisible = 0;
			defaultConfigurationName = Release;
		};
		3AC8CFD929EF441E00979B3A /* Build configuration list for PBXNativeTarget "LandmarksTests" */ = {
			isa = XCConfigurationList;
			buildConfigurations = (
				3AC8CFDA29EF441E00979B3A /* Debug */,
				3AC8CFDB29EF441E00979B3A /* Release */,
			);
			defaultConfigurationIsVisible = 0;
			defaultConfigurationName = Release;
		};
		3AC8CFDC29EF441E00979B3A /* Build configuration list for PBXNativeTarget "LandmarksUITests" */ = {
			isa = XCConfigurationList;
			buildConfigurations = (
				3AC8CFDD29EF441E00979B3A /* Debug */,
				3AC8CFDE29EF441E00979B3A /* Release */,
			);
			defaultConfigurationIsVisible = 0;
			defaultConfigurationName = Release;
		};
/* End XCConfigurationList section */
	};
	rootObject = 3AC8CFA929EF441C00979B3A /* Project object */;
}
